
Microsoft Visual Studio Solution File, Format Version 12.00
# Visual Studio 15
VisualStudioVersion = 15.0.28307.421
MinimumVisualStudioVersion = 10.0.40219.1
Project("{FAE04EC0-301F-11D3-BF4B-00C04F79EFBC}") = "MudancaDeForm", "MudancaDeForm\MudancaDeForm.csproj", "{47F34657-9804-4823-A111-A5205C62A832}"
EndProject
Global
	GlobalSection(SolutionConfigurationPlatforms) = preSolution
		Debug|Any CPU = Debug|Any CPU
		Release|Any CPU = Release|Any CPU
	EndGlobalSection
	GlobalSection(ProjectConfigurationPlatforms) = postSolution
		{47F34657-9804-4823-A111-A5205C62A832}.Debug|Any CPU.ActiveCfg = Debug|Any CPU
		{47F34657-9804-4823-A111-A5205C62A832}.Debug|Any CPU.Build.0 = Debug|Any CPU
		{47F34657-9804-4823-A111-A5205C62A832}.Release|Any CPU.ActiveCfg = Release|Any CPU
		{47F34657-9804-4823-A111-A5205C62A832}.Release|Any CPU.Build.0 = Release|Any CPU
	EndGlobalSection
	GlobalSection(SolutionProperties) = preSolution
		HideSolutionNode = FALSE
	EndGlobalSection
	GlobalSection(ExtensibilityGlobals) = postSolution
		SolutionGuid = {3540AB0B-6BF9-448B-AC89-828ACC1C8432}
	EndGlobalSection
EndGlobal
